// !$*UTF8*$!
{
	archiveVersion = 1;
	classes = {
	};
	objectVersion = 48;
	objects = {

/* Begin PBXBuildFile section */
		4A0BCA17E91BF7CF7DE42578 /* libPods-iOS_Project.a in Frameworks */ = {isa = PBXBuildFile; fileRef = 8971C429C0733904364B6854 /* libPods-iOS_Project.a */; };
		F0066E8C1FAC89520094D8B2 /* SetViewController.m in Sources */ = {isa = PBXBuildFile; fileRef = F0066E8A1FAC89520094D8B2 /* SetViewController.m */; };
		F0066E8D1FAC89520094D8B2 /* SetViewController.xib in Resources */ = {isa = PBXBuildFile; fileRef = F0066E8B1FAC89520094D8B2 /* SetViewController.xib */; };
		F046835E1FAC7A96000A6114 /* UIKit.framework in Frameworks */ = {isa = PBXBuildFile; fileRef = F046835D1FAC7A95000A6114 /* UIKit.framework */; };
		F04683601FAC7AA0000A6114 /* Foundation.framework in Frameworks */ = {isa = PBXBuildFile; fileRef = F046835F1FAC7A9F000A6114 /* Foundation.framework */; };
		F0A3E1551FB0377C00DD2E90 /* MBProgressHUD+Ex.m in Sources */ = {isa = PBXBuildFile; fileRef = F0A3E1541FB0377B00DD2E90 /* MBProgressHUD+Ex.m */; };
		F0A3E1591FB0387200DD2E90 /* MD5.m in Sources */ = {isa = PBXBuildFile; fileRef = F0A3E1581FB0387200DD2E90 /* MD5.m */; };
		F0A3E1611FB0544200DD2E90 /* SystemConfiguration.framework in Frameworks */ = {isa = PBXBuildFile; fileRef = F0A3E1601FB0544200DD2E90 /* SystemConfiguration.framework */; };
		F0A3E1701FB05F8E00DD2E90 /* CommonUtils.m in Sources */ = {isa = PBXBuildFile; fileRef = F0A3E1671FB05F8E00DD2E90 /* CommonUtils.m */; };
		F0A3E1711FB05F8E00DD2E90 /* HHPopupView.m in Sources */ = {isa = PBXBuildFile; fileRef = F0A3E16A1FB05F8E00DD2E90 /* HHPopupView.m */; };
		F0A3E1721FB05F8E00DD2E90 /* HttpRequstManager.m in Sources */ = {isa = PBXBuildFile; fileRef = F0A3E16D1FB05F8E00DD2E90 /* HttpRequstManager.m */; };
		F0A3E1731FB05F8E00DD2E90 /* Reachability.m in Sources */ = {isa = PBXBuildFile; fileRef = F0A3E16F1FB05F8E00DD2E90 /* Reachability.m */; };
		F0A3E17C1FB06A1900DD2E90 /* MMDateView.m in Sources */ = {isa = PBXBuildFile; fileRef = F0A3E17B1FB06A1800DD2E90 /* MMDateView.m */; };
		F0CBFC791FAC593C00F9F3DB /* Main.storyboard in Resources */ = {isa = PBXBuildFile; fileRef = F0CBFC771FAC593C00F9F3DB /* Main.storyboard */; };
		F0CBFC7B1FAC593C00F9F3DB /* Assets.xcassets in Resources */ = {isa = PBXBuildFile; fileRef = F0CBFC7A1FAC593C00F9F3DB /* Assets.xcassets */; };
		F0CBFC7E1FAC593C00F9F3DB /* LaunchScreen.storyboard in Resources */ = {isa = PBXBuildFile; fileRef = F0CBFC7C1FAC593C00F9F3DB /* LaunchScreen.storyboard */; };
		F0CBFC811FAC593C00F9F3DB /* main.m in Sources */ = {isa = PBXBuildFile; fileRef = F0CBFC801FAC593C00F9F3DB /* main.m */; };
		F0CBFC8B1FAC593C00F9F3DB /* iOS_ProjectTests.m in Sources */ = {isa = PBXBuildFile; fileRef = F0CBFC8A1FAC593C00F9F3DB /* iOS_ProjectTests.m */; };
		F0CBFC961FAC593D00F9F3DB /* iOS_ProjectUITests.m in Sources */ = {isa = PBXBuildFile; fileRef = F0CBFC951FAC593D00F9F3DB /* iOS_ProjectUITests.m */; };
		F0FDAB771FAC802E0023F8EA /* TabBarConfigure.plist in Resources */ = {isa = PBXBuildFile; fileRef = F0FDAA491FAC802D0023F8EA /* TabBarConfigure.plist */; };
		F0FDAB781FAC802E0023F8EA /* Bugly.framework in Frameworks */ = {isa = PBXBuildFile; fileRef = F0FDAA4C1FAC802D0023F8EA /* Bugly.framework */; };
		F0FDAB791FAC802E0023F8EA /* HomeViewController.m in Sources */ = {isa = PBXBuildFile; fileRef = F0FDAA511FAC802D0023F8EA /* HomeViewController.m */; };
		F0FDAB7A1FAC802E0023F8EA /* MyViewController.m in Sources */ = {isa = PBXBuildFile; fileRef = F0FDAA541FAC802D0023F8EA /* MyViewController.m */; };
		F0FDAB7B1FAC802E0023F8EA /* NSData+AES.m in Sources */ = {isa = PBXBuildFile; fileRef = F0FDAA581FAC802D0023F8EA /* NSData+AES.m */; };
		F0FDAB7C1FAC802E0023F8EA /* AESCipher.m in Sources */ = {isa = PBXBuildFile; fileRef = F0FDAA5B1FAC802D0023F8EA /* AESCipher.m */; };
		F0FDABCF1FAC802F0023F8EA /* SGPageContentView.m in Sources */ = {isa = PBXBuildFile; fileRef = F0FDAB251FAC802D0023F8EA /* SGPageContentView.m */; };
		F0FDABD01FAC802F0023F8EA /* SGPageTitleView.m in Sources */ = {isa = PBXBuildFile; fileRef = F0FDAB271FAC802D0023F8EA /* SGPageTitleView.m */; };
		F0FDABD11FAC802F0023F8EA /* UIView+SGFrame.m in Sources */ = {isa = PBXBuildFile; fileRef = F0FDAB2A1FAC802D0023F8EA /* UIView+SGFrame.m */; };
		F0FDABD91FAC802F0023F8EA /* WebViewJavascriptBridge.js.txt in Resources */ = {isa = PBXBuildFile; fileRef = F0FDAB3A1FAC802D0023F8EA /* WebViewJavascriptBridge.js.txt */; };
		F0FDABDA1FAC802F0023F8EA /* WebViewJavascriptBridge.m in Sources */ = {isa = PBXBuildFile; fileRef = F0FDAB3B1FAC802D0023F8EA /* WebViewJavascriptBridge.m */; };
		F0FDABDB1FAC802F0023F8EA /* WebViewJavascriptBridgeBase.m in Sources */ = {isa = PBXBuildFile; fileRef = F0FDAB3D1FAC802D0023F8EA /* WebViewJavascriptBridgeBase.m */; };
		F0FDABDC1FAC802F0023F8EA /* WKWebViewJavascriptBridge.m in Sources */ = {isa = PBXBuildFile; fileRef = F0FDAB3F1FAC802D0023F8EA /* WKWebViewJavascriptBridge.m */; };
		F0FDABDD1FAC802F0023F8EA /* BaseCollectionViewCell.m in Sources */ = {isa = PBXBuildFile; fileRef = F0FDAB431FAC802D0023F8EA /* BaseCollectionViewCell.m */; };
		F0FDABDE1FAC802F0023F8EA /* BaseModel.m in Sources */ = {isa = PBXBuildFile; fileRef = F0FDAB451FAC802D0023F8EA /* BaseModel.m */; };
		F0FDABDF1FAC802F0023F8EA /* BaseNavigationController.m in Sources */ = {isa = PBXBuildFile; fileRef = F0FDAB471FAC802D0023F8EA /* BaseNavigationController.m */; };
		F0FDABE01FAC802F0023F8EA /* BaseTabBarController.m in Sources */ = {isa = PBXBuildFile; fileRef = F0FDAB491FAC802D0023F8EA /* BaseTabBarController.m */; };
		F0FDABE11FAC802F0023F8EA /* BaseTableViewCell.m in Sources */ = {isa = PBXBuildFile; fileRef = F0FDAB4B1FAC802D0023F8EA /* BaseTableViewCell.m */; };
		F0FDABE21FAC802F0023F8EA /* BaseViewController.m in Sources */ = {isa = PBXBuildFile; fileRef = F0FDAB4D1FAC802D0023F8EA /* BaseViewController.m */; };
		F0FDABE31FAC802F0023F8EA /* UITabBar+Badge.m in Sources */ = {isa = PBXBuildFile; fileRef = F0FDAB501FAC802D0023F8EA /* UITabBar+Badge.m */; };
		F0FDABE41FAC802F0023F8EA /* AppDelegate.m in Sources */ = {isa = PBXBuildFile; fileRef = F0FDAB541FAC802E0023F8EA /* AppDelegate.m */; };
		F0FDABE51FAC802F0023F8EA /* Date.m in Sources */ = {isa = PBXBuildFile; fileRef = F0FDAB581FAC802E0023F8EA /* Date.m */; };
		F0FDABE61FAC802F0023F8EA /* ImageUtil.m in Sources */ = {isa = PBXBuildFile; fileRef = F0FDAB5A1FAC802E0023F8EA /* ImageUtil.m */; };
		F0FDABE71FAC802F0023F8EA /* NSMutableDictionary+JSON.m in Sources */ = {isa = PBXBuildFile; fileRef = F0FDAB5C1FAC802E0023F8EA /* NSMutableDictionary+JSON.m */; };
		F0FDABE81FAC802F0023F8EA /* NSObject+Json.m in Sources */ = {isa = PBXBuildFile; fileRef = F0FDAB5E1FAC802E0023F8EA /* NSObject+Json.m */; };
		F0FDABE91FAC802F0023F8EA /* NSString+Json.m in Sources */ = {isa = PBXBuildFile; fileRef = F0FDAB601FAC802E0023F8EA /* NSString+Json.m */; };
		F0FDABEA1FAC802F0023F8EA /* NSUserDefaultTools.m in Sources */ = {isa = PBXBuildFile; fileRef = F0FDAB621FAC802E0023F8EA /* NSUserDefaultTools.m */; };
		F0FDABEC1FAC802F0023F8EA /* NSString+Extension.m in Sources */ = {isa = PBXBuildFile; fileRef = F0FDAB6E1FAC802E0023F8EA /* NSString+Extension.m */; };
		F0FDABED1FAC802F0023F8EA /* UIImage+Extension.m in Sources */ = {isa = PBXBuildFile; fileRef = F0FDAB701FAC802E0023F8EA /* UIImage+Extension.m */; };
		F0FDABEE1FAC802F0023F8EA /* UIImage+Rotate.m in Sources */ = {isa = PBXBuildFile; fileRef = F0FDAB721FAC802E0023F8EA /* UIImage+Rotate.m */; };
		F0FDABEF1FAC802F0023F8EA /* UIView+Additions.m in Sources */ = {isa = PBXBuildFile; fileRef = F0FDAB741FAC802E0023F8EA /* UIView+Additions.m */; };
		F0FDABF01FAC802F0023F8EA /* UIView+LayoutHelper.m in Sources */ = {isa = PBXBuildFile; fileRef = F0FDAB761FAC802E0023F8EA /* UIView+LayoutHelper.m */; };
		F0FDABF61FAC80BD0023F8EA /* ViewPager.m in Sources */ = {isa = PBXBuildFile; fileRef = F0FDABF31FAC80BD0023F8EA /* ViewPager.m */; };
/* End PBXBuildFile section */

/* Begin PBXContainerItemProxy section */
		F0CBFC871FAC593C00F9F3DB /* PBXContainerItemProxy */ = {
			isa = PBXContainerItemProxy;
			containerPortal = F0CBFC661FAC593C00F9F3DB /* Project object */;
			proxyType = 1;
			remoteGlobalIDString = F0CBFC6D1FAC593C00F9F3DB;
			remoteInfo = iOS_Project;
		};
		F0CBFC921FAC593D00F9F3DB /* PBXContainerItemProxy */ = {
			isa = PBXContainerItemProxy;
			containerPortal = F0CBFC661FAC593C00F9F3DB /* Project object */;
			proxyType = 1;
			remoteGlobalIDString = F0CBFC6D1FAC593C00F9F3DB;
			remoteInfo = iOS_Project;
		};
/* End PBXContainerItemProxy section */

/* Begin PBXFileReference section */
		0D30EB8CD65C13AE2EECCA8F /* Pods-iOS_Project.debug.xcconfig */ = {isa = PBXFileReference; includeInIndex = 1; lastKnownFileType = text.xcconfig; name = "Pods-iOS_Project.debug.xcconfig"; path = "Pods/Target Support Files/Pods-iOS_Project/Pods-iOS_Project.debug.xcconfig"; sourceTree = "<group>"; };
		6B0D0C2BEF544ADF38FEEA12 /* Pods-iOS_Project.release.xcconfig */ = {isa = PBXFileReference; includeInIndex = 1; lastKnownFileType = text.xcconfig; name = "Pods-iOS_Project.release.xcconfig"; path = "Pods/Target Support Files/Pods-iOS_Project/Pods-iOS_Project.release.xcconfig"; sourceTree = "<group>"; };
		8971C429C0733904364B6854 /* libPods-iOS_Project.a */ = {isa = PBXFileReference; explicitFileType = archive.ar; includeInIndex = 0; path = "libPods-iOS_Project.a"; sourceTree = BUILT_PRODUCTS_DIR; };
		F0066E891FAC89520094D8B2 /* SetViewController.h */ = {isa = PBXFileReference; fileEncoding = 4; lastKnownFileType = sourcecode.c.h; path = SetViewController.h; sourceTree = "<group>"; };
		F0066E8A1FAC89520094D8B2 /* SetViewController.m */ = {isa = PBXFileReference; fileEncoding = 4; lastKnownFileType = sourcecode.c.objc; path = SetViewController.m; sourceTree = "<group>"; };
		F0066E8B1FAC89520094D8B2 /* SetViewController.xib */ = {isa = PBXFileReference; fileEncoding = 4; lastKnownFileType = file.xib; path = SetViewController.xib; sourceTree = "<group>"; };
		F046835D1FAC7A95000A6114 /* UIKit.framework */ = {isa = PBXFileReference; lastKnownFileType = wrapper.framework; name = UIKit.framework; path = System/Library/Frameworks/UIKit.framework; sourceTree = SDKROOT; };
		F046835F1FAC7A9F000A6114 /* Foundation.framework */ = {isa = PBXFileReference; lastKnownFileType = wrapper.framework; name = Foundation.framework; path = System/Library/Frameworks/Foundation.framework; sourceTree = SDKROOT; };
		F0A3E1531FB0377B00DD2E90 /* MBProgressHUD+Ex.h */ = {isa = PBXFileReference; fileEncoding = 4; lastKnownFileType = sourcecode.c.h; path = "MBProgressHUD+Ex.h"; sourceTree = "<group>"; };
		F0A3E1541FB0377B00DD2E90 /* MBProgressHUD+Ex.m */ = {isa = PBXFileReference; fileEncoding = 4; lastKnownFileType = sourcecode.c.objc; path = "MBProgressHUD+Ex.m"; sourceTree = "<group>"; };
		F0A3E1571FB0387200DD2E90 /* MD5.h */ = {isa = PBXFileReference; fileEncoding = 4; lastKnownFileType = sourcecode.c.h; path = MD5.h; sourceTree = "<group>"; };
		F0A3E1581FB0387200DD2E90 /* MD5.m */ = {isa = PBXFileReference; fileEncoding = 4; lastKnownFileType = sourcecode.c.objc; path = MD5.m; sourceTree = "<group>"; };
		F0A3E1601FB0544200DD2E90 /* SystemConfiguration.framework */ = {isa = PBXFileReference; lastKnownFileType = wrapper.framework; name = SystemConfiguration.framework; path = System/Library/Frameworks/SystemConfiguration.framework; sourceTree = SDKROOT; };
		F0A3E1661FB05F8E00DD2E90 /* CommonUtils.h */ = {isa = PBXFileReference; fileEncoding = 4; lastKnownFileType = sourcecode.c.h; path = CommonUtils.h; sourceTree = "<group>"; };
		F0A3E1671FB05F8E00DD2E90 /* CommonUtils.m */ = {isa = PBXFileReference; fileEncoding = 4; lastKnownFileType = sourcecode.c.objc; path = CommonUtils.m; sourceTree = "<group>"; };
		F0A3E1691FB05F8E00DD2E90 /* HHPopupView.h */ = {isa = PBXFileReference; fileEncoding = 4; lastKnownFileType = sourcecode.c.h; path = HHPopupView.h; sourceTree = "<group>"; };
		F0A3E16A1FB05F8E00DD2E90 /* HHPopupView.m */ = {isa = PBXFileReference; fileEncoding = 4; lastKnownFileType = sourcecode.c.objc; path = HHPopupView.m; sourceTree = "<group>"; };
		F0A3E16C1FB05F8E00DD2E90 /* HttpRequstManager.h */ = {isa = PBXFileReference; fileEncoding = 4; lastKnownFileType = sourcecode.c.h; path = HttpRequstManager.h; sourceTree = "<group>"; };
		F0A3E16D1FB05F8E00DD2E90 /* HttpRequstManager.m */ = {isa = PBXFileReference; fileEncoding = 4; lastKnownFileType = sourcecode.c.objc; path = HttpRequstManager.m; sourceTree = "<group>"; };
		F0A3E16E1FB05F8E00DD2E90 /* Reachability.h */ = {isa = PBXFileReference; fileEncoding = 4; lastKnownFileType = sourcecode.c.h; path = Reachability.h; sourceTree = "<group>"; };
		F0A3E16F1FB05F8E00DD2E90 /* Reachability.m */ = {isa = PBXFileReference; fileEncoding = 4; lastKnownFileType = sourcecode.c.objc; path = Reachability.m; sourceTree = "<group>"; };
		F0A3E17A1FB06A1800DD2E90 /* MMDateView.h */ = {isa = PBXFileReference; fileEncoding = 4; lastKnownFileType = sourcecode.c.h; path = MMDateView.h; sourceTree = "<group>"; };
		F0A3E17B1FB06A1800DD2E90 /* MMDateView.m */ = {isa = PBXFileReference; fileEncoding = 4; lastKnownFileType = sourcecode.c.objc; path = MMDateView.m; sourceTree = "<group>"; };
		F0CBFC6E1FAC593C00F9F3DB /* iOS_Project.app */ = {isa = PBXFileReference; explicitFileType = wrapper.application; includeInIndex = 0; path = iOS_Project.app; sourceTree = BUILT_PRODUCTS_DIR; };
		F0CBFC781FAC593C00F9F3DB /* Base */ = {isa = PBXFileReference; lastKnownFileType = file.storyboard; name = Base; path = Base.lproj/Main.storyboard; sourceTree = "<group>"; };
		F0CBFC7A1FAC593C00F9F3DB /* Assets.xcassets */ = {isa = PBXFileReference; lastKnownFileType = folder.assetcatalog; path = Assets.xcassets; sourceTree = "<group>"; };
		F0CBFC7D1FAC593C00F9F3DB /* Base */ = {isa = PBXFileReference; lastKnownFileType = file.storyboard; name = Base; path = Base.lproj/LaunchScreen.storyboard; sourceTree = "<group>"; };
		F0CBFC7F1FAC593C00F9F3DB /* Info.plist */ = {isa = PBXFileReference; lastKnownFileType = text.plist.xml; path = Info.plist; sourceTree = "<group>"; };
		F0CBFC801FAC593C00F9F3DB /* main.m */ = {isa = PBXFileReference; lastKnownFileType = sourcecode.c.objc; path = main.m; sourceTree = "<group>"; };
		F0CBFC861FAC593C00F9F3DB /* iOS_ProjectTests.xctest */ = {isa = PBXFileReference; explicitFileType = wrapper.cfbundle; includeInIndex = 0; path = iOS_ProjectTests.xctest; sourceTree = BUILT_PRODUCTS_DIR; };
		F0CBFC8A1FAC593C00F9F3DB /* iOS_ProjectTests.m */ = {isa = PBXFileReference; lastKnownFileType = sourcecode.c.objc; path = iOS_ProjectTests.m; sourceTree = "<group>"; };
		F0CBFC8C1FAC593C00F9F3DB /* Info.plist */ = {isa = PBXFileReference; lastKnownFileType = text.plist.xml; path = Info.plist; sourceTree = "<group>"; };
		F0CBFC911FAC593D00F9F3DB /* iOS_ProjectUITests.xctest */ = {isa = PBXFileReference; explicitFileType = wrapper.cfbundle; includeInIndex = 0; path = iOS_ProjectUITests.xctest; sourceTree = BUILT_PRODUCTS_DIR; };
		F0CBFC951FAC593D00F9F3DB /* iOS_ProjectUITests.m */ = {isa = PBXFileReference; lastKnownFileType = sourcecode.c.objc; path = iOS_ProjectUITests.m; sourceTree = "<group>"; };
		F0CBFC971FAC593D00F9F3DB /* Info.plist */ = {isa = PBXFileReference; lastKnownFileType = text.plist.xml; path = Info.plist; sourceTree = "<group>"; };
		F0FDAA491FAC802D0023F8EA /* TabBarConfigure.plist */ = {isa = PBXFileReference; fileEncoding = 4; lastKnownFileType = text.plist.xml; path = TabBarConfigure.plist; sourceTree = "<group>"; };
		F0FDAA4C1FAC802D0023F8EA /* Bugly.framework */ = {isa = PBXFileReference; lastKnownFileType = wrapper.framework; path = Bugly.framework; sourceTree = "<group>"; };
		F0FDAA501FAC802D0023F8EA /* HomeViewController.h */ = {isa = PBXFileReference; fileEncoding = 4; lastKnownFileType = sourcecode.c.h; path = HomeViewController.h; sourceTree = "<group>"; };
		F0FDAA511FAC802D0023F8EA /* HomeViewController.m */ = {isa = PBXFileReference; fileEncoding = 4; lastKnownFileType = sourcecode.c.objc; path = HomeViewController.m; sourceTree = "<group>"; };
		F0FDAA531FAC802D0023F8EA /* MyViewController.h */ = {isa = PBXFileReference; fileEncoding = 4; lastKnownFileType = sourcecode.c.h; path = MyViewController.h; sourceTree = "<group>"; };
		F0FDAA541FAC802D0023F8EA /* MyViewController.m */ = {isa = PBXFileReference; fileEncoding = 4; lastKnownFileType = sourcecode.c.objc; path = MyViewController.m; sourceTree = "<group>"; };
		F0FDAA571FAC802D0023F8EA /* NSData+AES.h */ = {isa = PBXFileReference; fileEncoding = 4; lastKnownFileType = sourcecode.c.h; path = "NSData+AES.h"; sourceTree = "<group>"; };
		F0FDAA581FAC802D0023F8EA /* NSData+AES.m */ = {isa = PBXFileReference; fileEncoding = 4; lastKnownFileType = sourcecode.c.objc; path = "NSData+AES.m"; sourceTree = "<group>"; };
		F0FDAA5A1FAC802D0023F8EA /* AESCipher.h */ = {isa = PBXFileReference; fileEncoding = 4; lastKnownFileType = sourcecode.c.h; path = AESCipher.h; sourceTree = "<group>"; };
		F0FDAA5B1FAC802D0023F8EA /* AESCipher.m */ = {isa = PBXFileReference; fileEncoding = 4; lastKnownFileType = sourcecode.c.objc; path = AESCipher.m; sourceTree = "<group>"; };
		F0FDAB241FAC802D0023F8EA /* SGPageContentView.h */ = {isa = PBXFileReference; fileEncoding = 4; lastKnownFileType = sourcecode.c.h; path = SGPageContentView.h; sourceTree = "<group>"; };
		F0FDAB251FAC802D0023F8EA /* SGPageContentView.m */ = {isa = PBXFileReference; fileEncoding = 4; lastKnownFileType = sourcecode.c.objc; path = SGPageContentView.m; sourceTree = "<group>"; };
		F0FDAB261FAC802D0023F8EA /* SGPageTitleView.h */ = {isa = PBXFileReference; fileEncoding = 4; lastKnownFileType = sourcecode.c.h; path = SGPageTitleView.h; sourceTree = "<group>"; };
		F0FDAB271FAC802D0023F8EA /* SGPageTitleView.m */ = {isa = PBXFileReference; fileEncoding = 4; lastKnownFileType = sourcecode.c.objc; path = SGPageTitleView.m; sourceTree = "<group>"; };
		F0FDAB281FAC802D0023F8EA /* SGPageView.h */ = {isa = PBXFileReference; fileEncoding = 4; lastKnownFileType = sourcecode.c.h; path = SGPageView.h; sourceTree = "<group>"; };
		F0FDAB291FAC802D0023F8EA /* UIView+SGFrame.h */ = {isa = PBXFileReference; fileEncoding = 4; lastKnownFileType = sourcecode.c.h; path = "UIView+SGFrame.h"; sourceTree = "<group>"; };
		F0FDAB2A1FAC802D0023F8EA /* UIView+SGFrame.m */ = {isa = PBXFileReference; fileEncoding = 4; lastKnownFileType = sourcecode.c.objc; path = "UIView+SGFrame.m"; sourceTree = "<group>"; };
		F0FDAB391FAC802D0023F8EA /* WebViewJavascriptBridge.h */ = {isa = PBXFileReference; fileEncoding = 4; lastKnownFileType = sourcecode.c.h; path = WebViewJavascriptBridge.h; sourceTree = "<group>"; };
		F0FDAB3A1FAC802D0023F8EA /* WebViewJavascriptBridge.js.txt */ = {isa = PBXFileReference; fileEncoding = 4; lastKnownFileType = text; path = WebViewJavascriptBridge.js.txt; sourceTree = "<group>"; };
		F0FDAB3B1FAC802D0023F8EA /* WebViewJavascriptBridge.m */ = {isa = PBXFileReference; fileEncoding = 4; lastKnownFileType = sourcecode.c.objc; path = WebViewJavascriptBridge.m; sourceTree = "<group>"; };
		F0FDAB3C1FAC802D0023F8EA /* WebViewJavascriptBridgeBase.h */ = {isa = PBXFileReference; fileEncoding = 4; lastKnownFileType = sourcecode.c.h; path = WebViewJavascriptBridgeBase.h; sourceTree = "<group>"; };
		F0FDAB3D1FAC802D0023F8EA /* WebViewJavascriptBridgeBase.m */ = {isa = PBXFileReference; fileEncoding = 4; lastKnownFileType = sourcecode.c.objc; path = WebViewJavascriptBridgeBase.m; sourceTree = "<group>"; };
		F0FDAB3E1FAC802D0023F8EA /* WKWebViewJavascriptBridge.h */ = {isa = PBXFileReference; fileEncoding = 4; lastKnownFileType = sourcecode.c.h; path = WKWebViewJavascriptBridge.h; sourceTree = "<group>"; };
		F0FDAB3F1FAC802D0023F8EA /* WKWebViewJavascriptBridge.m */ = {isa = PBXFileReference; fileEncoding = 4; lastKnownFileType = sourcecode.c.objc; path = WKWebViewJavascriptBridge.m; sourceTree = "<group>"; };
		F0FDAB421FAC802D0023F8EA /* BaseCollectionViewCell.h */ = {isa = PBXFileReference; fileEncoding = 4; lastKnownFileType = sourcecode.c.h; path = BaseCollectionViewCell.h; sourceTree = "<group>"; };
		F0FDAB431FAC802D0023F8EA /* BaseCollectionViewCell.m */ = {isa = PBXFileReference; fileEncoding = 4; lastKnownFileType = sourcecode.c.objc; path = BaseCollectionViewCell.m; sourceTree = "<group>"; };
		F0FDAB441FAC802D0023F8EA /* BaseModel.h */ = {isa = PBXFileReference; fileEncoding = 4; lastKnownFileType = sourcecode.c.h; path = BaseModel.h; sourceTree = "<group>"; };
		F0FDAB451FAC802D0023F8EA /* BaseModel.m */ = {isa = PBXFileReference; fileEncoding = 4; lastKnownFileType = sourcecode.c.objc; path = BaseModel.m; sourceTree = "<group>"; };
		F0FDAB461FAC802D0023F8EA /* BaseNavigationController.h */ = {isa = PBXFileReference; fileEncoding = 4; lastKnownFileType = sourcecode.c.h; path = BaseNavigationController.h; sourceTree = "<group>"; };
		F0FDAB471FAC802D0023F8EA /* BaseNavigationController.m */ = {isa = PBXFileReference; fileEncoding = 4; lastKnownFileType = sourcecode.c.objc; path = BaseNavigationController.m; sourceTree = "<group>"; };
		F0FDAB481FAC802D0023F8EA /* BaseTabBarController.h */ = {isa = PBXFileReference; fileEncoding = 4; lastKnownFileType = sourcecode.c.h; path = BaseTabBarController.h; sourceTree = "<group>"; };
		F0FDAB491FAC802D0023F8EA /* BaseTabBarController.m */ = {isa = PBXFileReference; fileEncoding = 4; lastKnownFileType = sourcecode.c.objc; path = BaseTabBarController.m; sourceTree = "<group>"; };
		F0FDAB4A1FAC802D0023F8EA /* BaseTableViewCell.h */ = {isa = PBXFileReference; fileEncoding = 4; lastKnownFileType = sourcecode.c.h; path = BaseTableViewCell.h; sourceTree = "<group>"; };
		F0FDAB4B1FAC802D0023F8EA /* BaseTableViewCell.m */ = {isa = PBXFileReference; fileEncoding = 4; lastKnownFileType = sourcecode.c.objc; path = BaseTableViewCell.m; sourceTree = "<group>"; };
		F0FDAB4C1FAC802D0023F8EA /* BaseViewController.h */ = {isa = PBXFileReference; fileEncoding = 4; lastKnownFileType = sourcecode.c.h; path = BaseViewController.h; sourceTree = "<group>"; };
		F0FDAB4D1FAC802D0023F8EA /* BaseViewController.m */ = {isa = PBXFileReference; fileEncoding = 4; lastKnownFileType = sourcecode.c.objc; path = BaseViewController.m; sourceTree = "<group>"; };
		F0FDAB4F1FAC802D0023F8EA /* UITabBar+Badge.h */ = {isa = PBXFileReference; fileEncoding = 4; lastKnownFileType = sourcecode.c.h; path = "UITabBar+Badge.h"; sourceTree = "<group>"; };
		F0FDAB501FAC802D0023F8EA /* UITabBar+Badge.m */ = {isa = PBXFileReference; fileEncoding = 4; lastKnownFileType = sourcecode.c.objc; path = "UITabBar+Badge.m"; sourceTree = "<group>"; };
		F0FDAB531FAC802E0023F8EA /* AppDelegate.h */ = {isa = PBXFileReference; fileEncoding = 4; lastKnownFileType = sourcecode.c.h; path = AppDelegate.h; sourceTree = "<group>"; };
		F0FDAB541FAC802E0023F8EA /* AppDelegate.m */ = {isa = PBXFileReference; fileEncoding = 4; lastKnownFileType = sourcecode.c.objc; path = AppDelegate.m; sourceTree = "<group>"; };
		F0FDAB571FAC802E0023F8EA /* Date.h */ = {isa = PBXFileReference; fileEncoding = 4; lastKnownFileType = sourcecode.c.h; path = Date.h; sourceTree = "<group>"; };
		F0FDAB581FAC802E0023F8EA /* Date.m */ = {isa = PBXFileReference; fileEncoding = 4; lastKnownFileType = sourcecode.c.objc; path = Date.m; sourceTree = "<group>"; };
		F0FDAB591FAC802E0023F8EA /* ImageUtil.h */ = {isa = PBXFileReference; fileEncoding = 4; lastKnownFileType = sourcecode.c.h; path = ImageUtil.h; sourceTree = "<group>"; };
		F0FDAB5A1FAC802E0023F8EA /* ImageUtil.m */ = {isa = PBXFileReference; fileEncoding = 4; lastKnownFileType = sourcecode.c.objc; path = ImageUtil.m; sourceTree = "<group>"; };
		F0FDAB5B1FAC802E0023F8EA /* NSMutableDictionary+JSON.h */ = {isa = PBXFileReference; fileEncoding = 4; lastKnownFileType = sourcecode.c.h; path = "NSMutableDictionary+JSON.h"; sourceTree = "<group>"; };
		F0FDAB5C1FAC802E0023F8EA /* NSMutableDictionary+JSON.m */ = {isa = PBXFileReference; fileEncoding = 4; lastKnownFileType = sourcecode.c.objc; path = "NSMutableDictionary+JSON.m"; sourceTree = "<group>"; };
		F0FDAB5D1FAC802E0023F8EA /* NSObject+Json.h */ = {isa = PBXFileReference; fileEncoding = 4; lastKnownFileType = sourcecode.c.h; path = "NSObject+Json.h"; sourceTree = "<group>"; };
		F0FDAB5E1FAC802E0023F8EA /* NSObject+Json.m */ = {isa = PBXFileReference; fileEncoding = 4; lastKnownFileType = sourcecode.c.objc; path = "NSObject+Json.m"; sourceTree = "<group>"; };
		F0FDAB5F1FAC802E0023F8EA /* NSString+Json.h */ = {isa = PBXFileReference; fileEncoding = 4; lastKnownFileType = sourcecode.c.h; path = "NSString+Json.h"; sourceTree = "<group>"; };
		F0FDAB601FAC802E0023F8EA /* NSString+Json.m */ = {isa = PBXFileReference; fileEncoding = 4; lastKnownFileType = sourcecode.c.objc; path = "NSString+Json.m"; sourceTree = "<group>"; };
		F0FDAB611FAC802E0023F8EA /* NSUserDefaultTools.h */ = {isa = PBXFileReference; fileEncoding = 4; lastKnownFileType = sourcecode.c.h; path = NSUserDefaultTools.h; sourceTree = "<group>"; };
		F0FDAB621FAC802E0023F8EA /* NSUserDefaultTools.m */ = {isa = PBXFileReference; fileEncoding = 4; lastKnownFileType = sourcecode.c.objc; path = NSUserDefaultTools.m; sourceTree = "<group>"; };
		F0FDAB641FAC802E0023F8EA /* ConfigDefinition.h */ = {isa = PBXFileReference; fileEncoding = 4; lastKnownFileType = sourcecode.c.h; path = ConfigDefinition.h; sourceTree = "<group>"; };
		F0FDAB651FAC802E0023F8EA /* HttpConfig.h */ = {isa = PBXFileReference; fileEncoding = 4; lastKnownFileType = sourcecode.c.h; path = HttpConfig.h; sourceTree = "<group>"; };
		F0FDAB661FAC802E0023F8EA /* MacroDefinition.h */ = {isa = PBXFileReference; fileEncoding = 4; lastKnownFileType = sourcecode.c.h; path = MacroDefinition.h; sourceTree = "<group>"; };
		F0FDAB671FAC802E0023F8EA /* Project.pch */ = {isa = PBXFileReference; fileEncoding = 4; lastKnownFileType = sourcecode.c.h; path = Project.pch; sourceTree = "<group>"; };
		F0FDAB681FAC802E0023F8EA /* ThirdLibs.h */ = {isa = PBXFileReference; fileEncoding = 4; lastKnownFileType = sourcecode.c.h; path = ThirdLibs.h; sourceTree = "<group>"; };
		F0FDAB6D1FAC802E0023F8EA /* NSString+Extension.h */ = {isa = PBXFileReference; fileEncoding = 4; lastKnownFileType = sourcecode.c.h; path = "NSString+Extension.h"; sourceTree = "<group>"; };
		F0FDAB6E1FAC802E0023F8EA /* NSString+Extension.m */ = {isa = PBXFileReference; fileEncoding = 4; lastKnownFileType = sourcecode.c.objc; path = "NSString+Extension.m"; sourceTree = "<group>"; };
		F0FDAB6F1FAC802E0023F8EA /* UIImage+Extension.h */ = {isa = PBXFileReference; fileEncoding = 4; lastKnownFileType = sourcecode.c.h; path = "UIImage+Extension.h"; sourceTree = "<group>"; };
		F0FDAB701FAC802E0023F8EA /* UIImage+Extension.m */ = {isa = PBXFileReference; fileEncoding = 4; lastKnownFileType = sourcecode.c.objc; path = "UIImage+Extension.m"; sourceTree = "<group>"; };
		F0FDAB711FAC802E0023F8EA /* UIImage+Rotate.h */ = {isa = PBXFileReference; fileEncoding = 4; lastKnownFileType = sourcecode.c.h; path = "UIImage+Rotate.h"; sourceTree = "<group>"; };
		F0FDAB721FAC802E0023F8EA /* UIImage+Rotate.m */ = {isa = PBXFileReference; fileEncoding = 4; lastKnownFileType = sourcecode.c.objc; path = "UIImage+Rotate.m"; sourceTree = "<group>"; };
		F0FDAB731FAC802E0023F8EA /* UIView+Additions.h */ = {isa = PBXFileReference; fileEncoding = 4; lastKnownFileType = sourcecode.c.h; path = "UIView+Additions.h"; sourceTree = "<group>"; };
		F0FDAB741FAC802E0023F8EA /* UIView+Additions.m */ = {isa = PBXFileReference; fileEncoding = 4; lastKnownFileType = sourcecode.c.objc; path = "UIView+Additions.m"; sourceTree = "<group>"; };
		F0FDAB751FAC802E0023F8EA /* UIView+LayoutHelper.h */ = {isa = PBXFileReference; fileEncoding = 4; lastKnownFileType = sourcecode.c.h; path = "UIView+LayoutHelper.h"; sourceTree = "<group>"; };
		F0FDAB761FAC802E0023F8EA /* UIView+LayoutHelper.m */ = {isa = PBXFileReference; fileEncoding = 4; lastKnownFileType = sourcecode.c.objc; path = "UIView+LayoutHelper.m"; sourceTree = "<group>"; };
		F0FDABF21FAC80BD0023F8EA /* ViewPager.h */ = {isa = PBXFileReference; fileEncoding = 4; lastKnownFileType = sourcecode.c.h; path = ViewPager.h; sourceTree = "<group>"; };
		F0FDABF31FAC80BD0023F8EA /* ViewPager.m */ = {isa = PBXFileReference; fileEncoding = 4; lastKnownFileType = sourcecode.c.objc; path = ViewPager.m; sourceTree = "<group>"; };
/* End PBXFileReference section */

/* Begin PBXFrameworksBuildPhase section */
		F0CBFC6B1FAC593C00F9F3DB /* Frameworks */ = {
			isa = PBXFrameworksBuildPhase;
			buildActionMask = 2147483647;
			files = (
				F0A3E1611FB0544200DD2E90 /* SystemConfiguration.framework in Frameworks */,
				F0FDAB781FAC802E0023F8EA /* Bugly.framework in Frameworks */,
				F04683601FAC7AA0000A6114 /* Foundation.framework in Frameworks */,
				F046835E1FAC7A96000A6114 /* UIKit.framework in Frameworks */,
				4A0BCA17E91BF7CF7DE42578 /* libPods-iOS_Project.a in Frameworks */,
			);
			runOnlyForDeploymentPostprocessing = 0;
		};
		F0CBFC831FAC593C00F9F3DB /* Frameworks */ = {
			isa = PBXFrameworksBuildPhase;
			buildActionMask = 2147483647;
			files = (
			);
			runOnlyForDeploymentPostprocessing = 0;
		};
		F0CBFC8E1FAC593C00F9F3DB /* Frameworks */ = {
			isa = PBXFrameworksBuildPhase;
			buildActionMask = 2147483647;
			files = (
			);
			runOnlyForDeploymentPostprocessing = 0;
		};
/* End PBXFrameworksBuildPhase section */

/* Begin PBXGroup section */
		A595B299060F06FB455D6565 /* Pods */ = {
			isa = PBXGroup;
			children = (
				0D30EB8CD65C13AE2EECCA8F /* Pods-iOS_Project.debug.xcconfig */,
				6B0D0C2BEF544ADF38FEEA12 /* Pods-iOS_Project.release.xcconfig */,
			);
			name = Pods;
			sourceTree = "<group>";
		};
		F0A3E1561FB0387200DD2E90 /* Md5 */ = {
			isa = PBXGroup;
			children = (
				F0A3E1571FB0387200DD2E90 /* MD5.h */,
				F0A3E1581FB0387200DD2E90 /* MD5.m */,
			);
			path = Md5;
			sourceTree = "<group>";
		};
		F0A3E1651FB05F8E00DD2E90 /* CommonUtils */ = {
			isa = PBXGroup;
			children = (
				F0A3E1661FB05F8E00DD2E90 /* CommonUtils.h */,
				F0A3E1671FB05F8E00DD2E90 /* CommonUtils.m */,
			);
			path = CommonUtils;
			sourceTree = "<group>";
		};
		F0A3E1681FB05F8E00DD2E90 /* HHPopupView */ = {
			isa = PBXGroup;
			children = (
				F0A3E1691FB05F8E00DD2E90 /* HHPopupView.h */,
				F0A3E16A1FB05F8E00DD2E90 /* HHPopupView.m */,
			);
			path = HHPopupView;
			sourceTree = "<group>";
		};
		F0A3E16B1FB05F8E00DD2E90 /* HttpRequstManager */ = {
			isa = PBXGroup;
			children = (
				F0A3E16C1FB05F8E00DD2E90 /* HttpRequstManager.h */,
				F0A3E16D1FB05F8E00DD2E90 /* HttpRequstManager.m */,
				F0A3E16E1FB05F8E00DD2E90 /* Reachability.h */,
				F0A3E16F1FB05F8E00DD2E90 /* Reachability.m */,
			);
			path = HttpRequstManager;
			sourceTree = "<group>";
		};
		F0A3E1791FB06A1800DD2E90 /* MMDateView */ = {
			isa = PBXGroup;
			children = (
				F0A3E17A1FB06A1800DD2E90 /* MMDateView.h */,
				F0A3E17B1FB06A1800DD2E90 /* MMDateView.m */,
			);
			path = MMDateView;
			sourceTree = "<group>";
		};
		F0CBFC651FAC593C00F9F3DB = {
			isa = PBXGroup;
			children = (
				F0CBFC701FAC593C00F9F3DB /* iOS_Project */,
				F0CBFC891FAC593C00F9F3DB /* iOS_ProjectTests */,
				F0CBFC941FAC593D00F9F3DB /* iOS_ProjectUITests */,
				F0CBFC6F1FAC593C00F9F3DB /* Products */,
				F0CBFDE01FAC5C0200F9F3DB /* Frameworks */,
				A595B299060F06FB455D6565 /* Pods */,
			);
			sourceTree = "<group>";
		};
		F0CBFC6F1FAC593C00F9F3DB /* Products */ = {
			isa = PBXGroup;
			children = (
				F0CBFC6E1FAC593C00F9F3DB /* iOS_Project.app */,
				F0CBFC861FAC593C00F9F3DB /* iOS_ProjectTests.xctest */,
				F0CBFC911FAC593D00F9F3DB /* iOS_ProjectUITests.xctest */,
			);
			name = Products;
			sourceTree = "<group>";
		};
		F0CBFC701FAC593C00F9F3DB /* iOS_Project */ = {
			isa = PBXGroup;
			children = (
				F0FDAA4D1FAC802D0023F8EA /* ProjectClasses */,
				F0FDAB551FAC802E0023F8EA /* ProjectUtils */,
				F0FDAB401FAC802D0023F8EA /* ProjectBase */,
				F0FDAA551FAC802D0023F8EA /* Libs */,
				F0FDAB511FAC802E0023F8EA /* Other */,
				F0FDAA481FAC802D0023F8EA /* Resource */,
				F0CBFC771FAC593C00F9F3DB /* Main.storyboard */,
				F0CBFC7A1FAC593C00F9F3DB /* Assets.xcassets */,
				F0CBFC7C1FAC593C00F9F3DB /* LaunchScreen.storyboard */,
				F0CBFC7F1FAC593C00F9F3DB /* Info.plist */,
				F0CBFC801FAC593C00F9F3DB /* main.m */,
			);
			path = iOS_Project;
			sourceTree = "<group>";
		};
		F0CBFC891FAC593C00F9F3DB /* iOS_ProjectTests */ = {
			isa = PBXGroup;
			children = (
				F0CBFC8A1FAC593C00F9F3DB /* iOS_ProjectTests.m */,
				F0CBFC8C1FAC593C00F9F3DB /* Info.plist */,
			);
			path = iOS_ProjectTests;
			sourceTree = "<group>";
		};
		F0CBFC941FAC593D00F9F3DB /* iOS_ProjectUITests */ = {
			isa = PBXGroup;
			children = (
				F0CBFC951FAC593D00F9F3DB /* iOS_ProjectUITests.m */,
				F0CBFC971FAC593D00F9F3DB /* Info.plist */,
			);
			path = iOS_ProjectUITests;
			sourceTree = "<group>";
		};
		F0CBFDE01FAC5C0200F9F3DB /* Frameworks */ = {
			isa = PBXGroup;
			children = (
				F0A3E1601FB0544200DD2E90 /* SystemConfiguration.framework */,
				F046835F1FAC7A9F000A6114 /* Foundation.framework */,
				F046835D1FAC7A95000A6114 /* UIKit.framework */,
				8971C429C0733904364B6854 /* libPods-iOS_Project.a */,
			);
			name = Frameworks;
			sourceTree = "<group>";
		};
		F0FDAA481FAC802D0023F8EA /* Resource */ = {
			isa = PBXGroup;
			children = (
				F0FDAA491FAC802D0023F8EA /* TabBarConfigure.plist */,
				F0FDAA4A1FAC802D0023F8EA /* ThirdLibs */,
			);
			path = Resource;
			sourceTree = "<group>";
		};
		F0FDAA4A1FAC802D0023F8EA /* ThirdLibs */ = {
			isa = PBXGroup;
			children = (
				F0FDAA4B1FAC802D0023F8EA /* Bugly */,
			);
			path = ThirdLibs;
			sourceTree = "<group>";
		};
		F0FDAA4B1FAC802D0023F8EA /* Bugly */ = {
			isa = PBXGroup;
			children = (
				F0FDAA4C1FAC802D0023F8EA /* Bugly.framework */,
			);
			path = Bugly;
			sourceTree = "<group>";
		};
		F0FDAA4D1FAC802D0023F8EA /* ProjectClasses */ = {
			isa = PBXGroup;
			children = (
				F0FDAA4E1FAC802D0023F8EA /* Modules */,
			);
			path = ProjectClasses;
			sourceTree = "<group>";
		};
		F0FDAA4E1FAC802D0023F8EA /* Modules */ = {
			isa = PBXGroup;
			children = (
				F0FDAA4F1FAC802D0023F8EA /* HomePage */,
				F0FDAA521FAC802D0023F8EA /* MyPage */,
			);
			path = Modules;
			sourceTree = "<group>";
		};
		F0FDAA4F1FAC802D0023F8EA /* HomePage */ = {
			isa = PBXGroup;
			children = (
				F0FDAA501FAC802D0023F8EA /* HomeViewController.h */,
				F0FDAA511FAC802D0023F8EA /* HomeViewController.m */,
				F0066E891FAC89520094D8B2 /* SetViewController.h */,
				F0066E8A1FAC89520094D8B2 /* SetViewController.m */,
				F0066E8B1FAC89520094D8B2 /* SetViewController.xib */,
			);
			path = HomePage;
			sourceTree = "<group>";
		};
		F0FDAA521FAC802D0023F8EA /* MyPage */ = {
			isa = PBXGroup;
			children = (
				F0FDAA531FAC802D0023F8EA /* MyViewController.h */,
				F0FDAA541FAC802D0023F8EA /* MyViewController.m */,
			);
			path = MyPage;
			sourceTree = "<group>";
		};
		F0FDAA551FAC802D0023F8EA /* Libs */ = {
			isa = PBXGroup;
			children = (
				F0A3E1791FB06A1800DD2E90 /* MMDateView */,
				F0A3E1561FB0387200DD2E90 /* Md5 */,
				F0FDAA561FAC802D0023F8EA /* AES */,
				F0FDAA591FAC802D0023F8EA /* AESCipher */,
				F0FDAB231FAC802D0023F8EA /* SGPageView */,
				F0FDAB381FAC802D0023F8EA /* WebViewJavascriptBridge */,
			);
			path = Libs;
			sourceTree = "<group>";
		};
		F0FDAA561FAC802D0023F8EA /* AES */ = {
			isa = PBXGroup;
			children = (
				F0FDAA571FAC802D0023F8EA /* NSData+AES.h */,
				F0FDAA581FAC802D0023F8EA /* NSData+AES.m */,
			);
			path = AES;
			sourceTree = "<group>";
		};
		F0FDAA591FAC802D0023F8EA /* AESCipher */ = {
			isa = PBXGroup;
			children = (
				F0FDAA5A1FAC802D0023F8EA /* AESCipher.h */,
				F0FDAA5B1FAC802D0023F8EA /* AESCipher.m */,
			);
			path = AESCipher;
			sourceTree = "<group>";
		};
		F0FDAB231FAC802D0023F8EA /* SGPageView */ = {
			isa = PBXGroup;
			children = (
				F0FDAB241FAC802D0023F8EA /* SGPageContentView.h */,
				F0FDAB251FAC802D0023F8EA /* SGPageContentView.m */,
				F0FDAB261FAC802D0023F8EA /* SGPageTitleView.h */,
				F0FDAB271FAC802D0023F8EA /* SGPageTitleView.m */,
				F0FDAB281FAC802D0023F8EA /* SGPageView.h */,
				F0FDAB291FAC802D0023F8EA /* UIView+SGFrame.h */,
				F0FDAB2A1FAC802D0023F8EA /* UIView+SGFrame.m */,
			);
			path = SGPageView;
			sourceTree = "<group>";
		};
		F0FDAB381FAC802D0023F8EA /* WebViewJavascriptBridge */ = {
			isa = PBXGroup;
			children = (
				F0FDAB391FAC802D0023F8EA /* WebViewJavascriptBridge.h */,
				F0FDAB3A1FAC802D0023F8EA /* WebViewJavascriptBridge.js.txt */,
				F0FDAB3B1FAC802D0023F8EA /* WebViewJavascriptBridge.m */,
				F0FDAB3C1FAC802D0023F8EA /* WebViewJavascriptBridgeBase.h */,
				F0FDAB3D1FAC802D0023F8EA /* WebViewJavascriptBridgeBase.m */,
				F0FDAB3E1FAC802D0023F8EA /* WKWebViewJavascriptBridge.h */,
				F0FDAB3F1FAC802D0023F8EA /* WKWebViewJavascriptBridge.m */,
			);
			path = WebViewJavascriptBridge;
			sourceTree = "<group>";
		};
		F0FDAB401FAC802D0023F8EA /* ProjectBase */ = {
			isa = PBXGroup;
			children = (
				F0FDAB411FAC802D0023F8EA /* BaseContollers */,
				F0FDAB4E1FAC802D0023F8EA /* Extend */,
			);
			path = ProjectBase;
			sourceTree = "<group>";
		};
		F0FDAB411FAC802D0023F8EA /* BaseContollers */ = {
			isa = PBXGroup;
			children = (
				F0FDAB421FAC802D0023F8EA /* BaseCollectionViewCell.h */,
				F0FDAB431FAC802D0023F8EA /* BaseCollectionViewCell.m */,
				F0FDAB441FAC802D0023F8EA /* BaseModel.h */,
				F0FDAB451FAC802D0023F8EA /* BaseModel.m */,
				F0FDAB461FAC802D0023F8EA /* BaseNavigationController.h */,
				F0FDAB471FAC802D0023F8EA /* BaseNavigationController.m */,
				F0FDAB481FAC802D0023F8EA /* BaseTabBarController.h */,
				F0FDAB491FAC802D0023F8EA /* BaseTabBarController.m */,
				F0FDAB4A1FAC802D0023F8EA /* BaseTableViewCell.h */,
				F0FDAB4B1FAC802D0023F8EA /* BaseTableViewCell.m */,
				F0FDAB4C1FAC802D0023F8EA /* BaseViewController.h */,
				F0FDAB4D1FAC802D0023F8EA /* BaseViewController.m */,
			);
			path = BaseContollers;
			sourceTree = "<group>";
		};
		F0FDAB4E1FAC802D0023F8EA /* Extend */ = {
			isa = PBXGroup;
			children = (
				F0FDAB4F1FAC802D0023F8EA /* UITabBar+Badge.h */,
				F0FDAB501FAC802D0023F8EA /* UITabBar+Badge.m */,
			);
			path = Extend;
			sourceTree = "<group>";
		};
		F0FDAB511FAC802E0023F8EA /* Other */ = {
			isa = PBXGroup;
			children = (
				F0FDAB521FAC802E0023F8EA /* Root */,
			);
			path = Other;
			sourceTree = "<group>";
		};
		F0FDAB521FAC802E0023F8EA /* Root */ = {
			isa = PBXGroup;
			children = (
				F0FDAB531FAC802E0023F8EA /* AppDelegate.h */,
				F0FDAB541FAC802E0023F8EA /* AppDelegate.m */,
			);
			path = Root;
			sourceTree = "<group>";
		};
		F0FDAB551FAC802E0023F8EA /* ProjectUtils */ = {
			isa = PBXGroup;
			children = (
				F0FDAB561FAC802E0023F8EA /* Foundations */,
				F0FDAB631FAC802E0023F8EA /* Macro */,
				F0FDAB691FAC802E0023F8EA /* Tool */,
				F0FDAB6C1FAC802E0023F8EA /* UIKits */,
			);
			path = ProjectUtils;
			sourceTree = "<group>";
		};
		F0FDAB561FAC802E0023F8EA /* Foundations */ = {
			isa = PBXGroup;
			children = (
				F0FDAB571FAC802E0023F8EA /* Date.h */,
				F0FDAB581FAC802E0023F8EA /* Date.m */,
				F0FDAB591FAC802E0023F8EA /* ImageUtil.h */,
				F0FDAB5A1FAC802E0023F8EA /* ImageUtil.m */,
				F0FDAB5B1FAC802E0023F8EA /* NSMutableDictionary+JSON.h */,
				F0FDAB5C1FAC802E0023F8EA /* NSMutableDictionary+JSON.m */,
				F0FDAB5D1FAC802E0023F8EA /* NSObject+Json.h */,
				F0FDAB5E1FAC802E0023F8EA /* NSObject+Json.m */,
				F0FDAB5F1FAC802E0023F8EA /* NSString+Json.h */,
				F0FDAB601FAC802E0023F8EA /* NSString+Json.m */,
				F0FDAB611FAC802E0023F8EA /* NSUserDefaultTools.h */,
				F0FDAB621FAC802E0023F8EA /* NSUserDefaultTools.m */,
			);
			path = Foundations;
			sourceTree = "<group>";
		};
		F0FDAB631FAC802E0023F8EA /* Macro */ = {
			isa = PBXGroup;
			children = (
				F0FDAB641FAC802E0023F8EA /* ConfigDefinition.h */,
				F0FDAB651FAC802E0023F8EA /* HttpConfig.h */,
				F0FDAB661FAC802E0023F8EA /* MacroDefinition.h */,
				F0FDAB671FAC802E0023F8EA /* Project.pch */,
				F0FDAB681FAC802E0023F8EA /* ThirdLibs.h */,
			);
			path = Macro;
			sourceTree = "<group>";
		};
		F0FDAB691FAC802E0023F8EA /* Tool */ = {
			isa = PBXGroup;
			children = (
				F0A3E1651FB05F8E00DD2E90 /* CommonUtils */,
				F0A3E1681FB05F8E00DD2E90 /* HHPopupView */,
				F0A3E16B1FB05F8E00DD2E90 /* HttpRequstManager */,
				F0FDABF11FAC80BD0023F8EA /* ViewPager */,
			);
			path = Tool;
			sourceTree = "<group>";
		};
		F0FDAB6C1FAC802E0023F8EA /* UIKits */ = {
			isa = PBXGroup;
			children = (
				F0FDAB6D1FAC802E0023F8EA /* NSString+Extension.h */,
				F0FDAB6E1FAC802E0023F8EA /* NSString+Extension.m */,
				F0FDAB6F1FAC802E0023F8EA /* UIImage+Extension.h */,
				F0FDAB701FAC802E0023F8EA /* UIImage+Extension.m */,
				F0FDAB711FAC802E0023F8EA /* UIImage+Rotate.h */,
				F0FDAB721FAC802E0023F8EA /* UIImage+Rotate.m */,
				F0FDAB731FAC802E0023F8EA /* UIView+Additions.h */,
				F0FDAB741FAC802E0023F8EA /* UIView+Additions.m */,
				F0FDAB751FAC802E0023F8EA /* UIView+LayoutHelper.h */,
				F0FDAB761FAC802E0023F8EA /* UIView+LayoutHelper.m */,
				F0A3E1531FB0377B00DD2E90 /* MBProgressHUD+Ex.h */,
				F0A3E1541FB0377B00DD2E90 /* MBProgressHUD+Ex.m */,
			);
			path = UIKits;
			sourceTree = "<group>";
		};
		F0FDABF11FAC80BD0023F8EA /* ViewPager */ = {
			isa = PBXGroup;
			children = (
				F0FDABF21FAC80BD0023F8EA /* ViewPager.h */,
				F0FDABF31FAC80BD0023F8EA /* ViewPager.m */,
			);
			path = ViewPager;
			sourceTree = "<group>";
		};
/* End PBXGroup section */

/* Begin PBXNativeTarget section */
		F0CBFC6D1FAC593C00F9F3DB /* iOS_Project */ = {
			isa = PBXNativeTarget;
			buildConfigurationList = F0CBFC9A1FAC593D00F9F3DB /* Build configuration list for PBXNativeTarget "iOS_Project" */;
			buildPhases = (
				D8B83806D48508415902BD3B /* [CP] Check Pods Manifest.lock */,
				F0CBFC6A1FAC593C00F9F3DB /* Sources */,
				F0CBFC6B1FAC593C00F9F3DB /* Frameworks */,
				F0CBFC6C1FAC593C00F9F3DB /* Resources */,
				131638C75C1863C4D9BFCC1A /* [CP] Embed Pods Frameworks */,
				E6356547C1C09889315B9C95 /* [CP] Copy Pods Resources */,
			);
			buildRules = (
			);
			dependencies = (
			);
			name = iOS_Project;
			productName = iOS_Project;
			productReference = F0CBFC6E1FAC593C00F9F3DB /* iOS_Project.app */;
			productType = "com.apple.product-type.application";
		};
		F0CBFC851FAC593C00F9F3DB /* iOS_ProjectTests */ = {
			isa = PBXNativeTarget;
			buildConfigurationList = F0CBFC9D1FAC593D00F9F3DB /* Build configuration list for PBXNativeTarget "iOS_ProjectTests" */;
			buildPhases = (
				F0CBFC821FAC593C00F9F3DB /* Sources */,
				F0CBFC831FAC593C00F9F3DB /* Frameworks */,
				F0CBFC841FAC593C00F9F3DB /* Resources */,
			);
			buildRules = (
			);
			dependencies = (
				F0CBFC881FAC593C00F9F3DB /* PBXTargetDependency */,
			);
			name = iOS_ProjectTests;
			productName = iOS_ProjectTests;
			productReference = F0CBFC861FAC593C00F9F3DB /* iOS_ProjectTests.xctest */;
			productType = "com.apple.product-type.bundle.unit-test";
		};
		F0CBFC901FAC593C00F9F3DB /* iOS_ProjectUITests */ = {
			isa = PBXNativeTarget;
			buildConfigurationList = F0CBFCA01FAC593D00F9F3DB /* Build configuration list for PBXNativeTarget "iOS_ProjectUITests" */;
			buildPhases = (
				F0CBFC8D1FAC593C00F9F3DB /* Sources */,
				F0CBFC8E1FAC593C00F9F3DB /* Frameworks */,
				F0CBFC8F1FAC593C00F9F3DB /* Resources */,
			);
			buildRules = (
			);
			dependencies = (
				F0CBFC931FAC593D00F9F3DB /* PBXTargetDependency */,
			);
			name = iOS_ProjectUITests;
			productName = iOS_ProjectUITests;
			productReference = F0CBFC911FAC593D00F9F3DB /* iOS_ProjectUITests.xctest */;
			productType = "com.apple.product-type.bundle.ui-testing";
		};
/* End PBXNativeTarget section */

/* Begin PBXProject section */
		F0CBFC661FAC593C00F9F3DB /* Project object */ = {
			isa = PBXProject;
			attributes = {
				LastUpgradeCheck = 0900;
				ORGANIZATIONNAME = "景文浩";
				TargetAttributes = {
					F0CBFC6D1FAC593C00F9F3DB = {
						CreatedOnToolsVersion = 9.0;
						ProvisioningStyle = Automatic;
					};
					F0CBFC851FAC593C00F9F3DB = {
						CreatedOnToolsVersion = 9.0;
						ProvisioningStyle = Automatic;
						TestTargetID = F0CBFC6D1FAC593C00F9F3DB;
					};
					F0CBFC901FAC593C00F9F3DB = {
						CreatedOnToolsVersion = 9.0;
						ProvisioningStyle = Automatic;
						TestTargetID = F0CBFC6D1FAC593C00F9F3DB;
					};
				};
			};
			buildConfigurationList = F0CBFC691FAC593C00F9F3DB /* Build configuration list for PBXProject "iOS_Project" */;
			compatibilityVersion = "Xcode 8.0";
			developmentRegion = en;
			hasScannedForEncodings = 0;
			knownRegions = (
				en,
				Base,
			);
			mainGroup = F0CBFC651FAC593C00F9F3DB;
			productRefGroup = F0CBFC6F1FAC593C00F9F3DB /* Products */;
			projectDirPath = "";
			projectRoot = "";
			targets = (
				F0CBFC6D1FAC593C00F9F3DB /* iOS_Project */,
				F0CBFC851FAC593C00F9F3DB /* iOS_ProjectTests */,
				F0CBFC901FAC593C00F9F3DB /* iOS_ProjectUITests */,
			);
		};
/* End PBXProject section */

/* Begin PBXResourcesBuildPhase section */
		F0CBFC6C1FAC593C00F9F3DB /* Resources */ = {
			isa = PBXResourcesBuildPhase;
			buildActionMask = 2147483647;
			files = (
				F0CBFC7E1FAC593C00F9F3DB /* LaunchScreen.storyboard in Resources */,
				F0FDABD91FAC802F0023F8EA /* WebViewJavascriptBridge.js.txt in Resources */,
				F0FDAB771FAC802E0023F8EA /* TabBarConfigure.plist in Resources */,
				F0066E8D1FAC89520094D8B2 /* SetViewController.xib in Resources */,
				F0CBFC7B1FAC593C00F9F3DB /* Assets.xcassets in Resources */,
				F0CBFC791FAC593C00F9F3DB /* Main.storyboard in Resources */,
			);
			runOnlyForDeploymentPostprocessing = 0;
		};
		F0CBFC841FAC593C00F9F3DB /* Resources */ = {
			isa = PBXResourcesBuildPhase;
			buildActionMask = 2147483647;
			files = (
			);
			runOnlyForDeploymentPostprocessing = 0;
		};
		F0CBFC8F1FAC593C00F9F3DB /* Resources */ = {
			isa = PBXResourcesBuildPhase;
			buildActionMask = 2147483647;
			files = (
			);
			runOnlyForDeploymentPostprocessing = 0;
		};
/* End PBXResourcesBuildPhase section */

/* Begin PBXShellScriptBuildPhase section */
		131638C75C1863C4D9BFCC1A /* [CP] Embed Pods Frameworks */ = {
			isa = PBXShellScriptBuildPhase;
			buildActionMask = 2147483647;
			files = (
			);
			inputPaths = (
			);
			name = "[CP] Embed Pods Frameworks";
			outputPaths = (
			);
			runOnlyForDeploymentPostprocessing = 0;
			shellPath = /bin/sh;
			shellScript = "\"${SRCROOT}/Pods/Target Support Files/Pods-iOS_Project/Pods-iOS_Project-frameworks.sh\"\n";
			showEnvVarsInLog = 0;
		};
		D8B83806D48508415902BD3B /* [CP] Check Pods Manifest.lock */ = {
			isa = PBXShellScriptBuildPhase;
			buildActionMask = 2147483647;
			files = (
			);
			inputPaths = (
				"${PODS_PODFILE_DIR_PATH}/Podfile.lock",
				"${PODS_ROOT}/Manifest.lock",
			);
			name = "[CP] Check Pods Manifest.lock";
			outputPaths = (
				"$(DERIVED_FILE_DIR)/Pods-iOS_Project-checkManifestLockResult.txt",
			);
			runOnlyForDeploymentPostprocessing = 0;
			shellPath = /bin/sh;
			shellScript = "diff \"${PODS_PODFILE_DIR_PATH}/Podfile.lock\" \"${PODS_ROOT}/Manifest.lock\" > /dev/null\nif [ $? != 0 ] ; then\n    # print error to STDERR\n    echo \"error: The sandbox is not in sync with the Podfile.lock. Run 'pod install' or update your CocoaPods installation.\" >&2\n    exit 1\nfi\n# This output is used by Xcode 'outputs' to avoid re-running this script phase.\necho \"SUCCESS\" > \"${SCRIPT_OUTPUT_FILE_0}\"\n";
			showEnvVarsInLog = 0;
		};
		E6356547C1C09889315B9C95 /* [CP] Copy Pods Resources */ = {
			isa = PBXShellScriptBuildPhase;
			buildActionMask = 2147483647;
			files = (
			);
			inputPaths = (
				"${SRCROOT}/Pods/Target Support Files/Pods-iOS_Project/Pods-iOS_Project-resources.sh",
				"${PODS_ROOT}/IQKeyboardManager/IQKeyboardManager/Resources/IQKeyboardManager.bundle",
				"${PODS_ROOT}/MJRefresh/MJRefresh/MJRefresh.bundle",
			);
			name = "[CP] Copy Pods Resources";
			outputPaths = (
				"${TARGET_BUILD_DIR}/${UNLOCALIZED_RESOURCES_FOLDER_PATH}",
			);
			runOnlyForDeploymentPostprocessing = 0;
			shellPath = /bin/sh;
			shellScript = "\"${SRCROOT}/Pods/Target Support Files/Pods-iOS_Project/Pods-iOS_Project-resources.sh\"\n";
			showEnvVarsInLog = 0;
		};
/* End PBXShellScriptBuildPhase section */

/* Begin PBXSourcesBuildPhase section */
		F0CBFC6A1FAC593C00F9F3DB /* Sources */ = {
			isa = PBXSourcesBuildPhase;
			buildActionMask = 2147483647;
			files = (
				F0FDAB7C1FAC802E0023F8EA /* AESCipher.m in Sources */,
				F0A3E1701FB05F8E00DD2E90 /* CommonUtils.m in Sources */,
				F0FDABE71FAC802F0023F8EA /* NSMutableDictionary+JSON.m in Sources */,
				F0FDABF61FAC80BD0023F8EA /* ViewPager.m in Sources */,
				F0FDABE61FAC802F0023F8EA /* ImageUtil.m in Sources */,
				F0FDABDF1FAC802F0023F8EA /* BaseNavigationController.m in Sources */,
				F0FDAB7B1FAC802E0023F8EA /* NSData+AES.m in Sources */,
				F0FDABD11FAC802F0023F8EA /* UIView+SGFrame.m in Sources */,
				F0FDABEC1FAC802F0023F8EA /* NSString+Extension.m in Sources */,
				F0FDABDC1FAC802F0023F8EA /* WKWebViewJavascriptBridge.m in Sources */,
				F0A3E1731FB05F8E00DD2E90 /* Reachability.m in Sources */,
				F0FDABE91FAC802F0023F8EA /* NSString+Json.m in Sources */,
				F0A3E17C1FB06A1900DD2E90 /* MMDateView.m in Sources */,
				F0FDABE21FAC802F0023F8EA /* BaseViewController.m in Sources */,
				F0A3E1721FB05F8E00DD2E90 /* HttpRequstManager.m in Sources */,
				F0066E8C1FAC89520094D8B2 /* SetViewController.m in Sources */,
				F0FDABE51FAC802F0023F8EA /* Date.m in Sources */,
				F0FDABDB1FAC802F0023F8EA /* WebViewJavascriptBridgeBase.m in Sources */,
				F0FDABE11FAC802F0023F8EA /* BaseTableViewCell.m in Sources */,
				F0FDABCF1FAC802F0023F8EA /* SGPageContentView.m in Sources */,
				F0FDABD01FAC802F0023F8EA /* SGPageTitleView.m in Sources */,
				F0CBFC811FAC593C00F9F3DB /* main.m in Sources */,
				F0FDABED1FAC802F0023F8EA /* UIImage+Extension.m in Sources */,
				F0FDABE31FAC802F0023F8EA /* UITabBar+Badge.m in Sources */,
				F0A3E1591FB0387200DD2E90 /* MD5.m in Sources */,
				F0FDABF01FAC802F0023F8EA /* UIView+LayoutHelper.m in Sources */,
				F0FDAB7A1FAC802E0023F8EA /* MyViewController.m in Sources */,
				F0FDABE81FAC802F0023F8EA /* NSObject+Json.m in Sources */,
				F0FDABEA1FAC802F0023F8EA /* NSUserDefaultTools.m in Sources */,
				F0A3E1551FB0377C00DD2E90 /* MBProgressHUD+Ex.m in Sources */,
				F0A3E1711FB05F8E00DD2E90 /* HHPopupView.m in Sources */,
				F0FDABDA1FAC802F0023F8EA /* WebViewJavascriptBridge.m in Sources */,
				F0FDABEE1FAC802F0023F8EA /* UIImage+Rotate.m in Sources */,
				F0FDABE01FAC802F0023F8EA /* BaseTabBarController.m in Sources */,
				F0FDABDD1FAC802F0023F8EA /* BaseCollectionViewCell.m in Sources */,
				F0FDABEF1FAC802F0023F8EA /* UIView+Additions.m in Sources */,
				F0FDABDE1FAC802F0023F8EA /* BaseModel.m in Sources */,
				F0FDAB791FAC802E0023F8EA /* HomeViewController.m in Sources */,
				F0FDABE41FAC802F0023F8EA /* AppDelegate.m in Sources */,
			);
			runOnlyForDeploymentPostprocessing = 0;
		};
		F0CBFC821FAC593C00F9F3DB /* Sources */ = {
			isa = PBXSourcesBuildPhase;
			buildActionMask = 2147483647;
			files = (
				F0CBFC8B1FAC593C00F9F3DB /* iOS_ProjectTests.m in Sources */,
			);
			runOnlyForDeploymentPostprocessing = 0;
		};
		F0CBFC8D1FAC593C00F9F3DB /* Sources */ = {
			isa = PBXSourcesBuildPhase;
			buildActionMask = 2147483647;
			files = (
				F0CBFC961FAC593D00F9F3DB /* iOS_ProjectUITests.m in Sources */,
			);
			runOnlyForDeploymentPostprocessing = 0;
		};
/* End PBXSourcesBuildPhase section */

/* Begin PBXTargetDependency section */
		F0CBFC881FAC593C00F9F3DB /* PBXTargetDependency */ = {
			isa = PBXTargetDependency;
			target = F0CBFC6D1FAC593C00F9F3DB /* iOS_Project */;
			targetProxy = F0CBFC871FAC593C00F9F3DB /* PBXContainerItemProxy */;
		};
		F0CBFC931FAC593D00F9F3DB /* PBXTargetDependency */ = {
			isa = PBXTargetDependency;
			target = F0CBFC6D1FAC593C00F9F3DB /* iOS_Project */;
			targetProxy = F0CBFC921FAC593D00F9F3DB /* PBXContainerItemProxy */;
		};
/* End PBXTargetDependency section */

/* Begin PBXVariantGroup section */
		F0CBFC771FAC593C00F9F3DB /* Main.storyboard */ = {
			isa = PBXVariantGroup;
			children = (
				F0CBFC781FAC593C00F9F3DB /* Base */,
			);
			name = Main.storyboard;
			sourceTree = "<group>";
		};
		F0CBFC7C1FAC593C00F9F3DB /* LaunchScreen.storyboard */ = {
			isa = PBXVariantGroup;
			children = (
				F0CBFC7D1FAC593C00F9F3DB /* Base */,
			);
			name = LaunchScreen.storyboard;
			sourceTree = "<group>";
		};
/* End PBXVariantGroup section */

/* Begin XCBuildConfiguration section */
		F0CBFC981FAC593D00F9F3DB /* Debug */ = {
			isa = XCBuildConfiguration;
			buildSettings = {
				ALWAYS_SEARCH_USER_PATHS = NO;
				CLANG_ANALYZER_NONNULL = YES;
				CLANG_ANALYZER_NUMBER_OBJECT_CONVERSION = YES_AGGRESSIVE;
				CLANG_CXX_LANGUAGE_STANDARD = "gnu++14";
				CLANG_CXX_LIBRARY = "libc++";
				CLANG_ENABLE_MODULES = YES;
				CLANG_ENABLE_OBJC_ARC = YES;
				CLANG_WARN_BLOCK_CAPTURE_AUTORELEASING = YES;
				CLANG_WARN_BOOL_CONVERSION = YES;
				CLANG_WARN_COMMA = YES;
				CLANG_WARN_CONSTANT_CONVERSION = YES;
				CLANG_WARN_DIRECT_OBJC_ISA_USAGE = YES_ERROR;
				CLANG_WARN_DOCUMENTATION_COMMENTS = YES;
				CLANG_WARN_EMPTY_BODY = YES;
				CLANG_WARN_ENUM_CONVERSION = YES;
				CLANG_WARN_INFINITE_RECURSION = YES;
				CLANG_WARN_INT_CONVERSION = YES;
				CLANG_WARN_NON_LITERAL_NULL_CONVERSION = YES;
				CLANG_WARN_OBJC_LITERAL_CONVERSION = YES;
				CLANG_WARN_OBJC_ROOT_CLASS = YES_ERROR;
				CLANG_WARN_RANGE_LOOP_ANALYSIS = YES;
				CLANG_WARN_STRICT_PROTOTYPES = YES;
				CLANG_WARN_SUSPICIOUS_MOVE = YES;
				CLANG_WARN_UNGUARDED_AVAILABILITY = YES_AGGRESSIVE;
				CLANG_WARN_UNREACHABLE_CODE = YES;
				CLANG_WARN__DUPLICATE_METHOD_MATCH = YES;
				CODE_SIGN_IDENTITY = "iPhone Developer";
				COPY_PHASE_STRIP = NO;
				DEBUG_INFORMATION_FORMAT = dwarf;
				ENABLE_STRICT_OBJC_MSGSEND = YES;
				ENABLE_TESTABILITY = YES;
				GCC_C_LANGUAGE_STANDARD = gnu11;
				GCC_DYNAMIC_NO_PIC = NO;
				GCC_NO_COMMON_BLOCKS = YES;
				GCC_OPTIMIZATION_LEVEL = 0;
				GCC_PREPROCESSOR_DEFINITIONS = (
					"DEBUG=1",
					"$(inherited)",
				);
				GCC_WARN_64_TO_32_BIT_CONVERSION = YES;
				GCC_WARN_ABOUT_RETURN_TYPE = YES_ERROR;
				GCC_WARN_UNDECLARED_SELECTOR = YES;
				GCC_WARN_UNINITIALIZED_AUTOS = YES_AGGRESSIVE;
				GCC_WARN_UNUSED_FUNCTION = YES;
				GCC_WARN_UNUSED_VARIABLE = YES;
				IPHONEOS_DEPLOYMENT_TARGET = 11.0;
				MTL_ENABLE_DEBUG_INFO = YES;
				ONLY_ACTIVE_ARCH = YES;
				SDKROOT = iphoneos;
			};
			name = Debug;
		};
		F0CBFC991FAC593D00F9F3DB /* Release */ = {
			isa = XCBuildConfiguration;
			buildSettings = {
				ALWAYS_SEARCH_USER_PATHS = NO;
				CLANG_ANALYZER_NONNULL = YES;
				CLANG_ANALYZER_NUMBER_OBJECT_CONVERSION = YES_AGGRESSIVE;
				CLANG_CXX_LANGUAGE_STANDARD = "gnu++14";
				CLANG_CXX_LIBRARY = "libc++";
				CLANG_ENABLE_MODULES = YES;
				CLANG_ENABLE_OBJC_ARC = YES;
				CLANG_WARN_BLOCK_CAPTURE_AUTORELEASING = YES;
				CLANG_WARN_BOOL_CONVERSION = YES;
				CLANG_WARN_COMMA = YES;
				CLANG_WARN_CONSTANT_CONVERSION = YES;
				CLANG_WARN_DIRECT_OBJC_ISA_USAGE = YES_ERROR;
				CLANG_WARN_DOCUMENTATION_COMMENTS = YES;
				CLANG_WARN_EMPTY_BODY = YES;
				CLANG_WARN_ENUM_CONVERSION = YES;
				CLANG_WARN_INFINITE_RECURSION = YES;
				CLANG_WARN_INT_CONVERSION = YES;
				CLANG_WARN_NON_LITERAL_NULL_CONVERSION = YES;
				CLANG_WARN_OBJC_LITERAL_CONVERSION = YES;
				CLANG_WARN_OBJC_ROOT_CLASS = YES_ERROR;
				CLANG_WARN_RANGE_LOOP_ANALYSIS = YES;
				CLANG_WARN_STRICT_PROTOTYPES = YES;
				CLANG_WARN_SUSPICIOUS_MOVE = YES;
				CLANG_WARN_UNGUARDED_AVAILABILITY = YES_AGGRESSIVE;
				CLANG_WARN_UNREACHABLE_CODE = YES;
				CLANG_WARN__DUPLICATE_METHOD_MATCH = YES;
				CODE_SIGN_IDENTITY = "iPhone Developer";
				COPY_PHASE_STRIP = NO;
				DEBUG_INFORMATION_FORMAT = "dwarf-with-dsym";
				ENABLE_NS_ASSERTIONS = NO;
				ENABLE_STRICT_OBJC_MSGSEND = YES;
				GCC_C_LANGUAGE_STANDARD = gnu11;
				GCC_NO_COMMON_BLOCKS = YES;
				GCC_WARN_64_TO_32_BIT_CONVERSION = YES;
				GCC_WARN_ABOUT_RETURN_TYPE = YES_ERROR;
				GCC_WARN_UNDECLARED_SELECTOR = YES;
				GCC_WARN_UNINITIALIZED_AUTOS = YES_AGGRESSIVE;
				GCC_WARN_UNUSED_FUNCTION = YES;
				GCC_WARN_UNUSED_VARIABLE = YES;
				IPHONEOS_DEPLOYMENT_TARGET = 11.0;
				MTL_ENABLE_DEBUG_INFO = NO;
				SDKROOT = iphoneos;
				VALIDATE_PRODUCT = YES;
			};
			name = Release;
		};
		F0CBFC9B1FAC593D00F9F3DB /* Debug */ = {
			isa = XCBuildConfiguration;
			baseConfigurationReference = 0D30EB8CD65C13AE2EECCA8F /* Pods-iOS_Project.debug.xcconfig */;
			buildSettings = {
				ASSETCATALOG_COMPILER_APPICON_NAME = AppIcon;
				ASSETCATALOG_COMPILER_LAUNCHIMAGE_NAME = LaunchImage;
				CODE_SIGN_STYLE = Automatic;
				DEBUG_INFORMATION_FORMAT = "dwarf-with-dsym";
				DEVELOPMENT_TEAM = 7K4SR8AWET;
				FRAMEWORK_SEARCH_PATHS = (
					"$(inherited)",
					"$(PROJECT_DIR)/iOS_Project/Resource/ThirdLibs/Bugly",
				);
				GCC_PREFIX_HEADER = "$(SRCROOT)/iOS_Project/ProjectUTils/Macro/Project.pch";
				INFOPLIST_FILE = iOS_Project/Info.plist;
				IPHONEOS_DEPLOYMENT_TARGET = 8.0;
				LD_RUNPATH_SEARCH_PATHS = "$(inherited) @executable_path/Frameworks";
				PRODUCT_BUNDLE_IDENTIFIER = "com.cfd.jwh.iOS-Project";
				PRODUCT_NAME = "$(TARGET_NAME)";
				TARGETED_DEVICE_FAMILY = 1;
			};
			name = Debug;
		};
		F0CBFC9C1FAC593D00F9F3DB /* Release */ = {
			isa = XCBuildConfiguration;
			baseConfigurationReference = 6B0D0C2BEF544ADF38FEEA12 /* Pods-iOS_Project.release.xcconfig */;
			buildSettings = {
				ASSETCATALOG_COMPILER_APPICON_NAME = AppIcon;
				ASSETCATALOG_COMPILER_LAUNCHIMAGE_NAME = LaunchImage;
				CODE_SIGN_STYLE = Automatic;
				DEBUG_INFORMATION_FORMAT = "dwarf-with-dsym";
				DEVELOPMENT_TEAM = 7K4SR8AWET;
				FRAMEWORK_SEARCH_PATHS = (
					"$(inherited)",
					"$(PROJECT_DIR)/iOS_Project/Resource/ThirdLibs/Bugly",
				);
				GCC_PREFIX_HEADER = "$(SRCROOT)/iOS_Project/ProjectUTils/Macro/Project.pch";
				INFOPLIST_FILE = iOS_Project/Info.plist;
				IPHONEOS_DEPLOYMENT_TARGET = 8.0;
				LD_RUNPATH_SEARCH_PATHS = "$(inherited) @executable_path/Frameworks";
				PRODUCT_BUNDLE_IDENTIFIER = "com.cfd.jwh.iOS-Project";
				PRODUCT_NAME = "$(TARGET_NAME)";
				TARGETED_DEVICE_FAMILY = 1;
			};
			name = Release;
		};
		F0CBFC9E1FAC593D00F9F3DB /* Debug */ = {
			isa = XCBuildConfiguration;
			buildSettings = {
				BUNDLE_LOADER = "$(TEST_HOST)";
				CODE_SIGN_STYLE = Automatic;
				DEVELOPMENT_TEAM = 398GQ2R56M;
				INFOPLIST_FILE = iOS_ProjectTests/Info.plist;
				LD_RUNPATH_SEARCH_PATHS = "$(inherited) @executable_path/Frameworks @loader_path/Frameworks";
				PRODUCT_BUNDLE_IDENTIFIER = "com.cfd.jwh.iOS-ProjectTests";
				PRODUCT_NAME = "$(TARGET_NAME)";
				TARGETED_DEVICE_FAMILY = "1,2";
				TEST_HOST = "$(BUILT_PRODUCTS_DIR)/iOS_Project.app/iOS_Project";
			};
			name = Debug;
		};
		F0CBFC9F1FAC593D00F9F3DB /* Release */ = {
			isa = XCBuildConfiguration;
			buildSettings = {
				BUNDLE_LOADER = "$(TEST_HOST)";
				CODE_SIGN_STYLE = Automatic;
				DEVELOPMENT_TEAM = 398GQ2R56M;
				INFOPLIST_FILE = iOS_ProjectTests/Info.plist;
				LD_RUNPATH_SEARCH_PATHS = "$(inherited) @executable_path/Frameworks @loader_path/Frameworks";
				PRODUCT_BUNDLE_IDENTIFIER = "com.cfd.jwh.iOS-ProjectTests";
				PRODUCT_NAME = "$(TARGET_NAME)";
				TARGETED_DEVICE_FAMILY = "1,2";
				TEST_HOST = "$(BUILT_PRODUCTS_DIR)/iOS_Project.app/iOS_Project";
			};
			name = Release;
		};
		F0CBFCA11FAC593D00F9F3DB /* Debug */ = {
			isa = XCBuildConfiguration;
			buildSettings = {
				CODE_SIGN_STYLE = Automatic;
				DEVELOPMENT_TEAM = 398GQ2R56M;
				INFOPLIST_FILE = iOS_ProjectUITests/Info.plist;
				LD_RUNPATH_SEARCH_PATHS = "$(inherited) @executable_path/Frameworks @loader_path/Frameworks";
				PRODUCT_BUNDLE_IDENTIFIER = "com.cfd.jwh.iOS-ProjectUITests";
				PRODUCT_NAME = "$(TARGET_NAME)";
				TARGETED_DEVICE_FAMILY = "1,2";
				TEST_TARGET_NAME = iOS_Project;
			};
			name = Debug;
		};
		F0CBFCA21FAC593D00F9F3DB /* Release */ = {
			isa = XCBuildConfiguration;
			buildSettings = {
				CODE_SIGN_STYLE = Automatic;
				DEVELOPMENT_TEAM = 398GQ2R56M;
				INFOPLIST_FILE = iOS_ProjectUITests/Info.plist;
				LD_RUNPATH_SEARCH_PATHS = "$(inherited) @executable_path/Frameworks @loader_path/Frameworks";
				PRODUCT_BUNDLE_IDENTIFIER = "com.cfd.jwh.iOS-ProjectUITests";
				PRODUCT_NAME = "$(TARGET_NAME)";
				TARGETED_DEVICE_FAMILY = "1,2";
				TEST_TARGET_NAME = iOS_Project;
			};
			name = Release;
		};
/* End XCBuildConfiguration section */

/* Begin XCConfigurationList section */
		F0CBFC691FAC593C00F9F3DB /* Build configuration list for PBXProject "iOS_Project" */ = {
			isa = XCConfigurationList;
			buildConfigurations = (
				F0CBFC981FAC593D00F9F3DB /* Debug */,
				F0CBFC991FAC593D00F9F3DB /* Release */,
			);
			defaultConfigurationIsVisible = 0;
			defaultConfigurationName = Release;
		};
		F0CBFC9A1FAC593D00F9F3DB /* Build configuration list for PBXNativeTarget "iOS_Project" */ = {
			isa = XCConfigurationList;
			buildConfigurations = (
				F0CBFC9B1FAC593D00F9F3DB /* Debug */,
				F0CBFC9C1FAC593D00F9F3DB /* Release */,
			);
			defaultConfigurationIsVisible = 0;
			defaultConfigurationName = Release;
		};
		F0CBFC9D1FAC593D00F9F3DB /* Build configuration list for PBXNativeTarget "iOS_ProjectTests" */ = {
			isa = XCConfigurationList;
			buildConfigurations = (
				F0CBFC9E1FAC593D00F9F3DB /* Debug */,
				F0CBFC9F1FAC593D00F9F3DB /* Release */,
			);
			defaultConfigurationIsVisible = 0;
			defaultConfigurationName = Release;
		};
		F0CBFCA01FAC593D00F9F3DB /* Build configuration list for PBXNativeTarget "iOS_ProjectUITests" */ = {
			isa = XCConfigurationList;
			buildConfigurations = (
				F0CBFCA11FAC593D00F9F3DB /* Debug */,
				F0CBFCA21FAC593D00F9F3DB /* Release */,
			);
			defaultConfigurationIsVisible = 0;
			defaultConfigurationName = Release;
		};
/* End XCConfigurationList section */
	};
	rootObject = F0CBFC661FAC593C00F9F3DB /* Project object */;
}
